
Microsoft Visual Studio Solution File, Format Version 12.00
# Visual Studio Version 17
VisualStudioVersion = 17.7.34024.191
MinimumVisualStudioVersion = 10.0.40219.1
Project("{FAE04EC0-301F-11D3-BF4B-00C04F79EFBC}") = "Oasis.API", "Oasis.API\Oasis.API.csproj", "{EB80709A-F0AE-4ECB-8D11-FDA10FBA37E8}"
EndProject
Project("{FAE04EC0-301F-11D3-BF4B-00C04F79EFBC}") = "Oasis.BL", "Oasis.BL\Oasis.BL.csproj", "{300AAD8D-B226-4506-AB50-2863CE93240B}"
EndProject
Global
	GlobalSection(SolutionConfigurationPlatforms) = preSolution
		Debug|Any CPU = Debug|Any CPU
		Release|Any CPU = Release|Any CPU
	EndGlobalSection
	GlobalSection(ProjectConfigurationPlatforms) = postSolution
		{EB80709A-F0AE-4ECB-8D11-FDA10FBA37E8}.Debug|Any CPU.ActiveCfg = Debug|Any CPU
		{EB80709A-F0AE-4ECB-8D11-FDA10FBA37E8}.Debug|Any CPU.Build.0 = Debug|Any CPU
		{EB80709A-F0AE-4ECB-8D11-FDA10FBA37E8}.Release|Any CPU.ActiveCfg = Release|Any CPU
		{EB80709A-F0AE-4ECB-8D11-FDA10FBA37E8}.Release|Any CPU.Build.0 = Release|Any CPU
		{300AAD8D-B226-4506-AB50-2863CE93240B}.Debug|Any CPU.ActiveCfg = Debug|Any CPU
		{300AAD8D-B226-4506-AB50-2863CE93240B}.Debug|Any CPU.Build.0 = Debug|Any CPU
		{300AAD8D-B226-4506-AB50-2863CE93240B}.Release|Any CPU.ActiveCfg = Release|Any CPU
		{300AAD8D-B226-4506-AB50-2863CE93240B}.Release|Any CPU.Build.0 = Release|Any CPU
	EndGlobalSection
	GlobalSection(SolutionProperties) = preSolution
		HideSolutionNode = FALSE
	EndGlobalSection
	GlobalSection(ExtensibilityGlobals) = postSolution
		SolutionGuid = {703AD80B-1DAE-4610-8C3E-7420F16614B7}
	EndGlobalSection
EndGlobal
